
Microsoft Visual Studio Solution File, Format Version 12.00
# Visual Studio Version 17
VisualStudioVersion = 17.5.002.0
MinimumVisualStudioVersion = 10.0.40219.1
Project("{2150E333-8FDC-42A3-9474-1A3956D46DE8}") = "c#", "c#", "{82A9ECDA-CD35-4805-BD30-766BA1F2CB3D}"
EndProject
Project("{9A19103F-16F7-4668-BE54-9A1E7A4F7556}") = "CsharpConsoleApp", "c#\CsharpConsoleApp\CsharpConsoleApp.csproj", "{37B32636-ACBE-43F2-A4D5-A9B7D76915B3}"
EndProject
Global
	GlobalSection(SolutionConfigurationPlatforms) = preSolution
		Debug|Any CPU = Debug|Any CPU
		Release|Any CPU = Release|Any CPU
	EndGlobalSection
	GlobalSection(ProjectConfigurationPlatforms) = postSolution
		{37B32636-ACBE-43F2-A4D5-A9B7D76915B3}.Debug|Any CPU.ActiveCfg = Debug|Any CPU
		{37B32636-ACBE-43F2-A4D5-A9B7D76915B3}.Debug|Any CPU.Build.0 = Debug|Any CPU
		{37B32636-ACBE-43F2-A4D5-A9B7D76915B3}.Release|Any CPU.ActiveCfg = Release|Any CPU
		{37B32636-ACBE-43F2-A4D5-A9B7D76915B3}.Release|Any CPU.Build.0 = Release|Any CPU
	EndGlobalSection
	GlobalSection(SolutionProperties) = preSolution
		HideSolutionNode = FALSE
	EndGlobalSection
	GlobalSection(NestedProjects) = preSolution
		{37B32636-ACBE-43F2-A4D5-A9B7D76915B3} = {82A9ECDA-CD35-4805-BD30-766BA1F2CB3D}
	EndGlobalSection
	GlobalSection(ExtensibilityGlobals) = postSolution
		SolutionGuid = {43FA739A-E2F4-404F-A3A1-4E379322811B}
	EndGlobalSection
EndGlobal
